<?xml version="1.0" encoding="utf-8"?>
<Project ToolsVersion="4.0" xmlns="http://schemas.microsoft.com/developer/msbuild/2003">
  <ItemGroup>
    <Filter Include="Файлы исходного кода">
      <UniqueIdentifier>{4FC737F1-C7A5-4376-A066-2A32D752A2FF}</UniqueIdentifier>
      <Extensions>cpp;c;cc;cxx;def;odl;idl;hpj;bat;asm;asmx</Extensions>
    </Filter>
    <Filter Include="Заголовочные файлы">
      <UniqueIdentifier>{93995380-89BD-4b04-88EB-625FBE52EBFB}</UniqueIdentifier>
      <Extensions>h;hpp;hxx;hm;inl;inc;xsd</Extensions>
    </Filter>
    <Filter Include="Файлы исходного кода\Viewport">
      <UniqueIdentifier>{ddac37aa-3001-410b-a71f-ad939de4c6e0}</UniqueIdentifier>
    </Filter>
    <Filter Include="Заголовочные файлы\Viewport">
      <UniqueIdentifier>{d640797f-2761-496a-b5b0-6749c1f0327f}</UniqueIdentifier>
    </Filter>
    <Filter Include="Textures">
      <UniqueIdentifier>{a92437bb-0cb5-4b57-8688-448dc5c4db0c}</UniqueIdentifier>
    </Filter>
  </ItemGroup>
  <ItemGroup>
    <ClCompile Include="main.cpp">
      <Filter>Файлы исходного кода</Filter>
    </ClCompile>
    <ClCompile Include="GLWindow.cpp">
      <Filter>Файлы исходного кода\Viewport</Filter>
    </ClCompile>
    <ClCompile Include="Tiles.cpp">
      <Filter>Файлы исходного кода</Filter>
    </ClCompile>
    <ClCompile Include="Tile.cpp">
      <Filter>Файлы исходного кода</Filter>
    </ClCompile>
    <ClCompile Include="Character.cpp">
      <Filter>Файлы исходного кода</Filter>
    </ClCompile>
  </ItemGroup>
  <ItemGroup>
    <ClInclude Include="GLWindow.h">
      <Filter>Заголовочные файлы\Viewport</Filter>
    </ClInclude>
    <ClInclude Include="blocks.h">
      <Filter>Заголовочные файлы</Filter>
    </ClInclude>
    <ClInclude Include="Tile.h">
      <Filter>Заголовочные файлы</Filter>
    </ClInclude>
    <ClInclude Include="Tiles.h">
      <Filter>Заголовочные файлы</Filter>
    </ClInclude>
    <ClInclude Include="Character.h">
      <Filter>Заголовочные файлы</Filter>
    </ClInclude>
    <ClInclude Include="resource.h">
      <Filter>Заголовочные файлы</Filter>
    </ClInclude>
  </ItemGroup>
  <ItemGroup>
    <ResourceCompile Include="blocks.rc" />
  </ItemGroup>
  <ItemGroup>
    <None Include="stone_side.bmp">
      <Filter>Textures</Filter>
    </None>
    <None Include="stone_down.bmp">
      <Filter>Textures</Filter>
    </None>
    <None Include="stone_top.bmp">
      <Filter>Textures</Filter>
    </None>
  </ItemGroup>
</Project>